<?xml version="1.0" encoding="utf-8"?>
<Project ToolsVersion="4.0" xmlns="http://schemas.microsoft.com/developer/msbuild/2003">
  <ItemGroup>
    <Filter Include="소스 파일">
      <UniqueIdentifier>{4FC737F1-C7A5-4376-A066-2A32D752A2FF}</UniqueIdentifier>
      <Extensions>cpp;c;cc;cxx;def;odl;idl;hpj;bat;asm;asmx</Extensions>
    </Filter>
    <Filter Include="리소스 파일">
      <UniqueIdentifier>{67DA6AB6-F800-4c08-8B7A-83BB121AAD01}</UniqueIdentifier>
      <Extensions>rc;ico;cur;bmp;dlg;rc2;rct;bin;rgs;gif;jpg;jpeg;jpe;resx;tiff;tif;png;wav;mfcribbon-ms</Extensions>
    </Filter>
    <Filter Include="소스 파일\00.System">
      <UniqueIdentifier>{7fa1c7c7-d56f-431a-87f5-ad22ed65b238}</UniqueIdentifier>
    </Filter>
    <Filter Include="소스 파일\00.System\Graphic">
      <UniqueIdentifier>{28c439ff-eb60-4fcb-9fe1-4565735355f0}</UniqueIdentifier>
    </Filter>
    <Filter Include="소스 파일\00.System\Bitmap">
      <UniqueIdentifier>{e1df707d-1b02-468e-8041-dfc1afd0a8a1}</UniqueIdentifier>
    </Filter>
    <Filter Include="소스 파일\00.System\Camera">
      <UniqueIdentifier>{3cd8cfb0-441a-4c80-ad50-106c1a699846}</UniqueIdentifier>
    </Filter>
    <Filter Include="소스 파일\00.System\D3D">
      <UniqueIdentifier>{2d5bf09e-edee-48d8-aaa5-f170c00c038e}</UniqueIdentifier>
    </Filter>
    <Filter Include="소스 파일\00.System\Font">
      <UniqueIdentifier>{d7740ec6-28d7-4dd3-b5d7-5f4d0801bf83}</UniqueIdentifier>
    </Filter>
    <Filter Include="소스 파일\00.System\Input">
      <UniqueIdentifier>{adb57e6f-6eab-452c-8fa1-9d73ef1de8c4}</UniqueIdentifier>
    </Filter>
    <Filter Include="소스 파일\00.System\Light">
      <UniqueIdentifier>{f25d39b2-bd5a-4344-8382-37c104deeb08}</UniqueIdentifier>
    </Filter>
    <Filter Include="소스 파일\00.System\Model">
      <UniqueIdentifier>{f563a3a5-0734-4304-87de-21f69cba5cfb}</UniqueIdentifier>
    </Filter>
    <Filter Include="소스 파일\00.System\Text">
      <UniqueIdentifier>{3fe59d1c-34b6-4552-846f-d493a37768b4}</UniqueIdentifier>
    </Filter>
    <Filter Include="소스 파일\00.System\Texture">
      <UniqueIdentifier>{a9d050d3-83bb-41e3-bf14-856dcfadde44}</UniqueIdentifier>
    </Filter>
    <Filter Include="소스 파일\00.System\System">
      <UniqueIdentifier>{dfbe7942-7576-42ed-8b7d-215e89a2b7cd}</UniqueIdentifier>
    </Filter>
    <Filter Include="소스 파일\01.GameObject">
      <UniqueIdentifier>{a5f6400e-8cfe-4d64-bd9e-de0443a463cb}</UniqueIdentifier>
    </Filter>
    <Filter Include="소스 파일\01.GameObject\01.Player">
      <UniqueIdentifier>{d8303989-c473-4837-96f8-04374c57ad55}</UniqueIdentifier>
    </Filter>
    <Filter Include="소스 파일\01.GameObject\00.Table">
      <UniqueIdentifier>{36e8f542-ea88-40ed-9450-13fbf7c7de61}</UniqueIdentifier>
    </Filter>
    <Filter Include="소스 파일\01.GameObject\99.GameObjectMgr">
      <UniqueIdentifier>{e18285fb-dccf-4388-b3d0-f995aed6f312}</UniqueIdentifier>
    </Filter>
    <Filter Include="소스 파일\00.System\Sound">
      <UniqueIdentifier>{25b8902c-9573-4375-865f-383f468a2b06}</UniqueIdentifier>
    </Filter>
    <Filter Include="소스 파일\00.System\Cpu">
      <UniqueIdentifier>{33e63e13-294d-4bad-baf8-ec87de0d47d4}</UniqueIdentifier>
    </Filter>
    <Filter Include="소스 파일\00.System\Fps">
      <UniqueIdentifier>{34fd0693-d9bd-4297-94d6-75d5b25e7fbd}</UniqueIdentifier>
    </Filter>
    <Filter Include="소스 파일\01.GameObject\04.Dart">
      <UniqueIdentifier>{6122dd8c-315c-4bcd-ac50-d00c17269a96}</UniqueIdentifier>
    </Filter>
    <Filter Include="소스 파일\01.GameObject\03.DartBoard">
      <UniqueIdentifier>{204ac3b4-588e-45df-acb9-be4545e193cd}</UniqueIdentifier>
    </Filter>
    <Filter Include="소스 파일\01.GameObject\02.MovingTree">
      <UniqueIdentifier>{edcdb414-dcc3-4af4-9ff2-2657e33161a4}</UniqueIdentifier>
    </Filter>
    <Filter Include="소스 파일\02. GameSystem">
      <UniqueIdentifier>{d56a2cd1-58b0-4fb3-aaf5-5779c82e2e49}</UniqueIdentifier>
    </Filter>
    <Filter Include="소스 파일\02. GameSystem\99.GameSystemMgr">
      <UniqueIdentifier>{47738411-3989-49bd-adf2-2f03786dbb13}</UniqueIdentifier>
    </Filter>
    <Filter Include="소스 파일\02. GameSystem\00.ScoreUI">
      <UniqueIdentifier>{17fb193f-c03b-4a4b-a3b8-84a7423beede}</UniqueIdentifier>
    </Filter>
    <Filter Include="소스 파일\02. GameSystem\01.LevelUI">
      <UniqueIdentifier>{347356d2-78c4-4e3b-a496-f6d0b983dff5}</UniqueIdentifier>
    </Filter>
    <Filter Include="소스 파일\02. GameSystem\02.Particle">
      <UniqueIdentifier>{bdc497e2-3ee0-49d4-aed6-63edda6ce56b}</UniqueIdentifier>
    </Filter>
    <Filter Include="소스 파일\02. GameSystem\98.EndingUI">
      <UniqueIdentifier>{b333d21a-de50-4c09-b658-09b5d01c396c}</UniqueIdentifier>
    </Filter>
    <Filter Include="소스 파일\02. GameSystem\97.OpeningUI">
      <UniqueIdentifier>{b4bb0a4b-a210-4afc-be7c-a000fe0aa328}</UniqueIdentifier>
    </Filter>
  </ItemGroup>
  <ItemGroup>
    <ClCompile Include="main.cpp">
      <Filter>소스 파일</Filter>
    </ClCompile>
    <ClCompile Include="bitmapclass.cpp">
      <Filter>소스 파일\00.System\Bitmap</Filter>
    </ClCompile>
    <ClCompile Include="cameraclass.cpp">
      <Filter>소스 파일\00.System\Camera</Filter>
    </ClCompile>
    <ClCompile Include="d3dclass.cpp">
      <Filter>소스 파일\00.System\D3D</Filter>
    </ClCompile>
    <ClCompile Include="fontclass.cpp">
      <Filter>소스 파일\00.System\Font</Filter>
    </ClCompile>
    <ClCompile Include="fontshaderclass.cpp">
      <Filter>소스 파일\00.System\Font</Filter>
    </ClCompile>
    <ClCompile Include="graphicsclass.cpp">
      <Filter>소스 파일\00.System\Graphic</Filter>
    </ClCompile>
    <ClCompile Include="inputclass.cpp">
      <Filter>소스 파일\00.System\Input</Filter>
    </ClCompile>
    <ClCompile Include="lightclass.cpp">
      <Filter>소스 파일\00.System\Light</Filter>
    </ClCompile>
    <ClCompile Include="lightshaderclass.cpp">
      <Filter>소스 파일\00.System\Light</Filter>
    </ClCompile>
    <ClCompile Include="modelclass.cpp">
      <Filter>소스 파일\00.System\Model</Filter>
    </ClCompile>
    <ClCompile Include="systemclass.cpp">
      <Filter>소스 파일\00.System\System</Filter>
    </ClCompile>
    <ClCompile Include="textureclass.cpp">
      <Filter>소스 파일\00.System\Texture</Filter>
    </ClCompile>
    <ClCompile Include="textureshaderclass.cpp">
      <Filter>소스 파일\00.System\Texture</Filter>
    </ClCompile>
    <ClCompile Include="textclass.cpp">
      <Filter>소스 파일\00.System\Text</Filter>
    </ClCompile>
    <ClCompile Include="GameObject.cpp">
      <Filter>소스 파일\01.GameObject</Filter>
    </ClCompile>
    <ClCompile Include="GameObjectMgr.cpp">
      <Filter>소스 파일\01.GameObject\99.GameObjectMgr</Filter>
    </ClCompile>
    <ClCompile Include="TableClass.cpp">
      <Filter>소스 파일\01.GameObject\00.Table</Filter>
    </ClCompile>
    <ClCompile Include="Player.cpp">
      <Filter>소스 파일\01.GameObject\01.Player</Filter>
    </ClCompile>
    <ClCompile Include="soundclass.cpp">
      <Filter>소스 파일\00.System\Sound</Filter>
    </ClCompile>
    <ClCompile Include="CpuClass.cpp">
      <Filter>소스 파일\00.System\Cpu</Filter>
    </ClCompile>
    <ClCompile Include="FpsClass.cpp">
      <Filter>소스 파일\00.System\Fps</Filter>
    </ClCompile>
    <ClCompile Include="MovingTree.cpp">
      <Filter>소스 파일\01.GameObject\02.MovingTree</Filter>
    </ClCompile>
    <ClCompile Include="DartBoard.cpp">
      <Filter>소스 파일\01.GameObject\03.DartBoard</Filter>
    </ClCompile>
    <ClCompile Include="Dart.cpp">
      <Filter>소스 파일\01.GameObject\04.Dart</Filter>
    </ClCompile>
    <ClCompile Include="ScoreUI.cpp">
      <Filter>소스 파일\02. GameSystem\00.ScoreUI</Filter>
    </ClCompile>
    <ClCompile Include="GameSystem.cpp">
      <Filter>소스 파일\02. GameSystem</Filter>
    </ClCompile>
    <ClCompile Include="GameSystemMgr.cpp">
      <Filter>소스 파일\02. GameSystem\99.GameSystemMgr</Filter>
    </ClCompile>
  </ItemGroup>
  <ItemGroup>
    <ClInclude Include="bitmapclass.h">
      <Filter>소스 파일\00.System\Bitmap</Filter>
    </ClInclude>
    <ClInclude Include="cameraclass.h">
      <Filter>소스 파일\00.System\Camera</Filter>
    </ClInclude>
    <ClInclude Include="d3dclass.h">
      <Filter>소스 파일\00.System\D3D</Filter>
    </ClInclude>
    <ClInclude Include="fontclass.h">
      <Filter>소스 파일\00.System\Font</Filter>
    </ClInclude>
    <ClInclude Include="fontshaderclass.h">
      <Filter>소스 파일\00.System\Font</Filter>
    </ClInclude>
    <ClInclude Include="graphicsclass.h">
      <Filter>소스 파일\00.System\Graphic</Filter>
    </ClInclude>
    <ClInclude Include="inputclass.h">
      <Filter>소스 파일\00.System\Input</Filter>
    </ClInclude>
    <ClInclude Include="lightclass.h">
      <Filter>소스 파일\00.System\Light</Filter>
    </ClInclude>
    <ClInclude Include="lightshaderclass.h">
      <Filter>소스 파일\00.System\Light</Filter>
    </ClInclude>
    <ClInclude Include="modelclass.h">
      <Filter>소스 파일\00.System\Model</Filter>
    </ClInclude>
    <ClInclude Include="systemclass.h">
      <Filter>소스 파일\00.System\System</Filter>
    </ClInclude>
    <ClInclude Include="textclass.h">
      <Filter>소스 파일\00.System\Text</Filter>
    </ClInclude>
    <ClInclude Include="textureclass.h">
      <Filter>소스 파일\00.System\Texture</Filter>
    </ClInclude>
    <ClInclude Include="textureshaderclass.h">
      <Filter>소스 파일\00.System\Texture</Filter>
    </ClInclude>
    <ClInclude Include="GameObject.h">
      <Filter>소스 파일\01.GameObject</Filter>
    </ClInclude>
    <ClInclude Include="GameObjectMgr.h">
      <Filter>소스 파일\01.GameObject\99.GameObjectMgr</Filter>
    </ClInclude>
    <ClInclude Include="TableClass.h">
      <Filter>소스 파일\01.GameObject\00.Table</Filter>
    </ClInclude>
    <ClInclude Include="Player.h">
      <Filter>소스 파일\01.GameObject\01.Player</Filter>
    </ClInclude>
    <ClInclude Include="soundclass.h">
      <Filter>소스 파일\00.System\Sound</Filter>
    </ClInclude>
    <ClInclude Include="CpuClass.h">
      <Filter>소스 파일\00.System\Cpu</Filter>
    </ClInclude>
    <ClInclude Include="FpsClass.h">
      <Filter>소스 파일\00.System\Fps</Filter>
    </ClInclude>
    <ClInclude Include="MovingTree.h">
      <Filter>소스 파일\01.GameObject\02.MovingTree</Filter>
    </ClInclude>
    <ClInclude Include="DartBoard.h">
      <Filter>소스 파일\01.GameObject\03.DartBoard</Filter>
    </ClInclude>
    <ClInclude Include="Dart.h">
      <Filter>소스 파일\01.GameObject\04.Dart</Filter>
    </ClInclude>
    <ClInclude Include="GameSystem.h">
      <Filter>소스 파일\02. GameSystem</Filter>
    </ClInclude>
    <ClInclude Include="GameSystemMgr.h">
      <Filter>소스 파일\02. GameSystem\99.GameSystemMgr</Filter>
    </ClInclude>
    <ClInclude Include="ScoreUI.h">
      <Filter>소스 파일\02. GameSystem\00.ScoreUI</Filter>
    </ClInclude>
  </ItemGroup>
  <ItemGroup>
    <None Include="font.ps">
      <Filter>소스 파일\00.System\Font</Filter>
    </None>
    <None Include="font.vs">
      <Filter>소스 파일\00.System\Font</Filter>
    </None>
    <None Include="light.ps">
      <Filter>소스 파일\00.System\Light</Filter>
    </None>
    <None Include="light.vs">
      <Filter>소스 파일\00.System\Light</Filter>
    </None>
    <None Include="texture.ps">
      <Filter>소스 파일\00.System\Texture</Filter>
    </None>
    <None Include="texture.vs">
      <Filter>소스 파일\00.System\Texture</Filter>
    </None>
  </ItemGroup>
</Project>